# This file is @generated by PDM.
# It is not intended for manual editing.

[[package]]
name = "cython"
version = "3.0.0b3"
requires_python = ">=2.7, !=3.0.*, !=3.1.*, !=3.2.*, !=3.3.*"
summary = "The Cython compiler for writing C extensions in the Python language."

[[package]]
name = "mypy"
version = "1.3.0"
requires_python = ">=3.7"
summary = "Optional static typing for Python"
dependencies = [
    "mypy-extensions>=1.0.0",
    "tomli>=1.1.0; python_version < \"3.11\"",
    "typing-extensions>=3.10",
]

[[package]]
name = "mypy-extensions"
version = "1.0.0"
requires_python = ">=3.5"
summary = "Type system extensions for programs checked with the mypy type checker."

[[package]]
name = "setuptools"
version = "67.8.0"
requires_python = ">=3.7"
summary = "Easily download, build, install, upgrade, and uninstall Python packages"

[[package]]
name = "tomli"
version = "2.0.1"
requires_python = ">=3.7"
summary = "A lil' TOML parser"

[[package]]
name = "typing-extensions"
version = "4.6.1"
requires_python = ">=3.7"
summary = "Backported and Experimental Type Hints for Python 3.7+"

[metadata]
lock_version = "4.2"
groups = ["default", "dev"]
content_hash = "sha256:9b8be100f03c5df69315a671dd45a771cb43c3518f64721c40e8402b81864b52"

[metadata.files]
"cython 3.0.0b3" = [
    {url = "https://files.pythonhosted.org/packages/0e/41/018e7e50c2a39a50c09f525500fed496be93f6a3caed2ad5603f120abad9/Cython-3.0.0b3-cp311-cp311-manylinux_2_17_aarch64.manylinux2014_aarch64.whl", hash = "sha256:8c6e51c52ea0f1d8345ca0bda3b6ae718b09ab1b66e68f517d5b78524ccec4be"},
    {url = "https://files.pythonhosted.org/packages/10/da/b71ce7d2dcadbd1510bfd10fb4280cc56f57382f7adbcad52e89fce76019/Cython-3.0.0b3-cp38-cp38-win32.whl", hash = "sha256:5e32e22cd864e39a5fb290ddd50b569df35f1242fc7c2548d3562386ff2bfafd"},
    {url = "https://files.pythonhosted.org/packages/11/9b/ad659d40d7289a19ef7f9dedc93688a8b0fddfc9db3a3d7a04cc91b84e4d/Cython-3.0.0b3-cp36-cp36m-musllinux_1_1_x86_64.whl", hash = "sha256:82edac5b7eabcfb4f2f3826c324caee2c9d60977df9be98c97229b48b52030ce"},
    {url = "https://files.pythonhosted.org/packages/13/3a/966b4aa7e9ebd91ec443df32d3036f21f8d57fe18061c6ea950e4138d984/Cython-3.0.0b3-cp311-cp311-macosx_10_9_x86_64.whl", hash = "sha256:7e3afa3fcff73b5e93be302f2434e967f624dba6c4eea19f45713121f50ff0f2"},
    {url = "https://files.pythonhosted.org/packages/1c/cd/e06c45f535f9f7a173a20bf6ca19ed4be3a7107cb10c30a1706453dc9f80/Cython-3.0.0b3-cp37-cp37m-musllinux_1_1_x86_64.whl", hash = "sha256:a46f9fe5872b43c0af4102f5483d8fe7642af7a45e4160c364f21b8b400ca984"},
    {url = "https://files.pythonhosted.org/packages/1d/bf/155ee7945bc8193cc44f1f999f55355ac83cc76d21e0bfdf843a4b0942d8/Cython-3.0.0b3-cp36-cp36m-win32.whl", hash = "sha256:0a1204efdb05fe879ebefdda1fb406edf569609f54c6496844a9c2bddf7802a6"},
    {url = "https://files.pythonhosted.org/packages/2c/4d/cc832ad04be40d7a1cc63b17d039781faca3c79fb424414c799045f776bc/Cython-3.0.0b3-py2.py3-none-any.whl", hash = "sha256:936dfbe682ceca857f1ef99f56e834badb49f213ae3343c413f94c370491239f"},
    {url = "https://files.pythonhosted.org/packages/31/24/4623458ba3ec84c21af181703eeb2e6b4db215585f2c7ad45550b7447b04/Cython-3.0.0b3-cp38-cp38-manylinux_2_17_aarch64.manylinux2014_aarch64.whl", hash = "sha256:2f1d099924df53ec62935849a1519941fc5866549ef07ff245b3a12cbf0d6901"},
    {url = "https://files.pythonhosted.org/packages/31/74/1d159e7b35a7bdbe437cda439c7fa1c402b07c38b4de40e1f006a034459b/Cython-3.0.0b3-cp310-cp310-manylinux_2_17_x86_64.manylinux2014_x86_64.whl", hash = "sha256:119888af46db63705b4de3b2a071526c044f22594b779edb45247f250555b317"},
    {url = "https://files.pythonhosted.org/packages/35/c5/2bb31a3ed4b04c3f9b3c62dff4cc82f937e3670e7433f6f62e5fb1e6952a/Cython-3.0.0b3-cp310-cp310-musllinux_1_1_aarch64.whl", hash = "sha256:5b79df6a140ff07f9c72a86139af9d130a5acfb5aba6e92a1c6973f90ffae0ff"},
    {url = "https://files.pythonhosted.org/packages/36/bb/7d8c920c0e95d1241b8e98aa75b7bcd606eeb5297c9820b9b92674736c15/Cython-3.0.0b3-cp37-cp37m-win_amd64.whl", hash = "sha256:b713b1ce347bdab05ebd1620cc032518fed1d8f216eaef2fb03d3dd2baf45d2b"},
    {url = "https://files.pythonhosted.org/packages/48/1a/a02fef46d72d8d3ab69cd1a503fcf5076f2e20b5d117de263f72d18258c7/Cython-3.0.0b3-cp310-cp310-win_amd64.whl", hash = "sha256:b2398349ea3ebbf4a59ca723c2d1ef04c35536d5e42321012d31e12b8322dbbd"},
    {url = "https://files.pythonhosted.org/packages/4a/3f/1cf3ac9e80f4291542b4c5a15e8706f602625d1920c0a1e01f272d6d41a0/Cython-3.0.0b3-cp311-cp311-win32.whl", hash = "sha256:9d97683b212df3fb9405d7fe4cca7e94bf45eb437076e442ea789217b3aee1c5"},
    {url = "https://files.pythonhosted.org/packages/4a/93/f3f6067d739a00d72a574418016e1664dcd025b762f35e6f2362036270d0/Cython-3.0.0b3-cp37-cp37m-manylinux_2_17_x86_64.manylinux2014_x86_64.whl", hash = "sha256:a127376399a490f4ac344232cc20cc968a883c960f64694be995f4cb93067050"},
    {url = "https://files.pythonhosted.org/packages/4f/b3/aa773fddd56156e08356349e91c38397649d02a761e867a00b4120584077/Cython-3.0.0b3-cp39-cp39-manylinux_2_5_i686.manylinux1_i686.manylinux_2_17_i686.manylinux2014_i686.whl", hash = "sha256:ddc093626778819076f0c57ff110f0a2da3fde9decd13b4d6362952e2ef68855"},
    {url = "https://files.pythonhosted.org/packages/53/5f/6cf0c746518a1d44bdad63f4f9a877f26adb17f6ae173037a48077d38d70/Cython-3.0.0b3-cp310-cp310-win32.whl", hash = "sha256:8d244f2eff2354dafe1103746e6d0a65482b5462244d77c13a42f8732843389f"},
    {url = "https://files.pythonhosted.org/packages/58/49/a0c7f58acbf482480bacd03eaec1ecd41802a9560d935a491f7f3024515c/Cython-3.0.0b3-cp39-cp39-win32.whl", hash = "sha256:894b2042fa70a386baed4990a2569249340c780cd0ea0bd36b9a9824fa375bee"},
    {url = "https://files.pythonhosted.org/packages/59/f1/7a050786dc2ab65583ea8f4919d4d899b9c036c0cff96fd17bd0840a40e7/Cython-3.0.0b3-cp311-cp311-musllinux_1_1_x86_64.whl", hash = "sha256:65555dec7570afb9ecdf8825f066eae625fbc24fe82eb6b124ab0f67a9ec3e75"},
    {url = "https://files.pythonhosted.org/packages/5b/f8/639f62299bbdd7afd84c1db111ddba9990640bf815f49aff2921598856a6/Cython-3.0.0b3-cp37-cp37m-win32.whl", hash = "sha256:c90dd3ce0168b7708b0b144e579331f0fe57ca16acd5284d4e004d53a7e8b0b9"},
    {url = "https://files.pythonhosted.org/packages/5f/e9/5635caef96fb675e3a25b4bbf2f482862e43e589ef535439f20158f6405d/Cython-3.0.0b3-cp39-cp39-musllinux_1_1_x86_64.whl", hash = "sha256:857bdc64ac6e4a05806b50da8df0bfcac8ec295eb18c0dfc354aa82657a346f9"},
    {url = "https://files.pythonhosted.org/packages/68/78/dff7f79c0fc0bd5f6f0c60e523aaa9904bcf21ba75cdaecdd6825f832e42/Cython-3.0.0b3-cp36-cp36m-manylinux_2_17_aarch64.manylinux2014_aarch64.whl", hash = "sha256:2cb068aa842117b105355244efd711c35e6a45755bdd011382df8506ddd7afd2"},
    {url = "https://files.pythonhosted.org/packages/71/4a/f0a50fc751ff815d3ac2b0b6e70bb811546fc1b1f474cd05c369c367e5e2/Cython-3.0.0b3-cp36-cp36m-musllinux_1_1_aarch64.whl", hash = "sha256:20345cdd37be31736b257354b18fefc555a32af54bbe05001591bd648b8c116a"},
    {url = "https://files.pythonhosted.org/packages/7f/44/8148e863c06be73865c4e71e4b4229952523b0015bc1487198e93cd6fa55/Cython-3.0.0b3-cp37-cp37m-musllinux_1_1_aarch64.whl", hash = "sha256:5fb52a7f799dd115fbd0a5b423fd6ac3b326955cc395948cbfb5eef5b26206d1"},
    {url = "https://files.pythonhosted.org/packages/82/10/7b60f7e9fe9ea7460d65c25cc0e993af9fc5869fbaa49bca4a74c0340ef7/Cython-3.0.0b3-cp38-cp38-musllinux_1_1_aarch64.whl", hash = "sha256:7d6010aad5a48fe2b3236df06a2f15d8f311f0b3d4005f0aad3bcad257a662a2"},
    {url = "https://files.pythonhosted.org/packages/82/24/d3aeeed470e8b2f4e21f8736876e8561793d477d0682423c31399063a6d5/Cython-3.0.0b3-cp311-cp311-win_amd64.whl", hash = "sha256:a63c2971459ba22d2190117c4953f138d119a1b55dec0a5d3f59dd01a098d5f4"},
    {url = "https://files.pythonhosted.org/packages/84/ef/5b05b9d3420501bc48b7d6cef7b58111c35e9959c68a7a510d790afa7a12/Cython-3.0.0b3-cp39-cp39-musllinux_1_1_aarch64.whl", hash = "sha256:8e48902b5d0c2431bea48e6374524778c79818ea20feb99ad479c6b226966559"},
    {url = "https://files.pythonhosted.org/packages/89/b9/934255bf85221f3d9fd7607250841f811fa86895d397663a49253e1c6717/Cython-3.0.0b3-cp37-cp37m-manylinux_2_5_i686.manylinux1_i686.manylinux_2_17_i686.manylinux2014_i686.whl", hash = "sha256:5d5824dbb632f8242a1b9978f69ef0842a5a8c3872493657b7138a41a2b91438"},
    {url = "https://files.pythonhosted.org/packages/8c/21/938dcea2f88dc4f8cca64f311dddd13985744999db43ee6acc1cb3f103f5/Cython-3.0.0b3-cp36-cp36m-win_amd64.whl", hash = "sha256:643976cde99e4d01d8451a1d57e6c91d751d33167f77339eb0c50290d6770a42"},
    {url = "https://files.pythonhosted.org/packages/8d/00/61f8c86a9ba923d60ff65fb4c8057c0b0a640730acae7d9fae0abb15256b/Cython-3.0.0b3-cp37-cp37m-macosx_10_9_x86_64.whl", hash = "sha256:dc35c7190b321a4b46d9014ae0423638afe311041762e6e2b4bbdd1848ed5de3"},
    {url = "https://files.pythonhosted.org/packages/91/8e/4045f7b97357bcafa8c766f0a4b8f0bce9c72e1ad3c24026ab6d0c1ab65a/Cython-3.0.0b3-cp39-cp39-manylinux_2_17_x86_64.manylinux2014_x86_64.whl", hash = "sha256:b12b678e865b75ca1bf7f176595d4a80f338782d6a0861fb40ad9a03734e2fc1"},
    {url = "https://files.pythonhosted.org/packages/98/6c/dbe93e2dfacec2b892a8e345dc002692f53ca587ed2c5ad3ec754c9bd187/Cython-3.0.0b3-cp310-cp310-manylinux_2_17_aarch64.manylinux2014_aarch64.whl", hash = "sha256:5daf6cae8a7563f4f6507c8e04c6a3b96ab04eb9ae43d14a66b6ba25180d877c"},
    {url = "https://files.pythonhosted.org/packages/9a/6e/c4cc05ea99028464e1ca4f324ffdecfb0c1579e3519d9412d1df94b9f89b/Cython-3.0.0b3-cp38-cp38-musllinux_1_1_x86_64.whl", hash = "sha256:fb03edf4bea52f70302868b647aad377197d6f211bed9ffc4b7477b0e19cd012"},
    {url = "https://files.pythonhosted.org/packages/9c/c8/bf9de39e154febc9e8f21f10aef484864b20720bc003b181532289baeec6/Cython-3.0.0b3-cp311-cp311-manylinux_2_5_i686.manylinux1_i686.manylinux_2_17_i686.manylinux2014_i686.whl", hash = "sha256:de88cdcdfc2613aa02b92ead87c3fba825172662a4fe6f40bc900d69aa854f9b"},
    {url = "https://files.pythonhosted.org/packages/a3/66/89c3ce300a47a8e1af457a0888f230b50114c5d3a61c0ec34edaf7b6b36c/Cython-3.0.0b3.tar.gz", hash = "sha256:af2625f47355416b559ce36a576bcc26e6b3e797e83978166734185c42ea6ddc"},
    {url = "https://files.pythonhosted.org/packages/af/8c/c6168927c4bfb4f56c011b7742e827be8418ee42feb06be1a53cd18e77aa/Cython-3.0.0b3-cp36-cp36m-manylinux_2_5_i686.manylinux1_i686.manylinux_2_17_i686.manylinux2014_i686.whl", hash = "sha256:d186292a02cb056a43277be632967bb06979d1b0d6252f8faaa6966eebc6ab59"},
    {url = "https://files.pythonhosted.org/packages/b3/42/26e57ee3cd158f03d7bad0f7ae5d22260cceb22c76938c2e7e3f221ade86/Cython-3.0.0b3-cp310-cp310-macosx_10_9_x86_64.whl", hash = "sha256:151791bedbfcf428b635514834ea509f5f2080f8151d74a7990a4b615bbfde7f"},
    {url = "https://files.pythonhosted.org/packages/b8/32/95d6bd245daf09ade3fd0388798b3756835ec4fc7a038878b4444816b827/Cython-3.0.0b3-cp37-cp37m-manylinux_2_17_aarch64.manylinux2014_aarch64.whl", hash = "sha256:c5d4c68f2b65bdbee810052cd3174987b85a7cad373e036b8222eb11165024c4"},
    {url = "https://files.pythonhosted.org/packages/ba/87/3ccd60cd146498637f8a734d2d559f94fd873c8c3aaa8e050ab3912bddd7/Cython-3.0.0b3-cp39-cp39-win_amd64.whl", hash = "sha256:18ab382ab0602d07f261d48269d0b93ed3d8daee625ce43ea7b064312df8988f"},
    {url = "https://files.pythonhosted.org/packages/c7/9a/327f92d3d972c07a265b33f823f3561a72f2fb96dc0771b83ee5af423951/Cython-3.0.0b3-cp36-cp36m-macosx_10_9_x86_64.whl", hash = "sha256:97143712228cce6a1032efaf8777f17cbe6723c545ded466999c754cba796ab8"},
    {url = "https://files.pythonhosted.org/packages/c7/de/e32b4b749361853e106d33cdcdb18b630c1ff209bde5d38453baddd0322e/Cython-3.0.0b3-cp311-cp311-musllinux_1_1_aarch64.whl", hash = "sha256:c93ac010818e3f81079d06900b803315c56042c4c706967898c1b807722153dd"},
    {url = "https://files.pythonhosted.org/packages/cb/a7/ee3149300c8daee710e88781ebc831b0e0300d5f9b5b132a1508a3af6a32/Cython-3.0.0b3-cp38-cp38-manylinux_2_17_x86_64.manylinux2014_x86_64.whl", hash = "sha256:4a39eacb0c97ca47352e17597b521dd00f6c0a4531231695c28077e7ed688a09"},
    {url = "https://files.pythonhosted.org/packages/d2/db/b83deec8afd693afad47642ff6d6095c13afeedd102eddf9a2a7b6af9e44/Cython-3.0.0b3-cp38-cp38-manylinux_2_5_i686.manylinux1_i686.manylinux_2_17_i686.manylinux2014_i686.whl", hash = "sha256:e397ef3dce8c4f9242942ecd637745d8f0885c66ca4d4d76f0c9528fa08df304"},
    {url = "https://files.pythonhosted.org/packages/d3/49/0f33cd6a4d73874a52721776aa9f4cede4f867133fb6247f4227e5f92dcd/Cython-3.0.0b3-cp310-cp310-manylinux_2_5_i686.manylinux1_i686.manylinux_2_17_i686.manylinux2014_i686.whl", hash = "sha256:2c1f9164660178e772f537113ea5604e0370fb82b5fbc8a95a154c633974faf0"},
    {url = "https://files.pythonhosted.org/packages/d7/ac/d86c5e51ee4a7b9a8187133ad1494a6e1c01859162ef14688f14db4d3649/Cython-3.0.0b3-cp310-cp310-musllinux_1_1_x86_64.whl", hash = "sha256:24a8c72302169bcb74d08c165929dac0d812a2cc163b8134e7ce685287a271df"},
    {url = "https://files.pythonhosted.org/packages/d8/f7/4ff1f623a2bbe432a504b24990f403c35aaf3f25928d22c4d20a574696cf/Cython-3.0.0b3-cp38-cp38-macosx_10_9_x86_64.whl", hash = "sha256:6d64870ce535fe5ce3b86ca2a64b77f2c785ff310f6e89dedd2099d149add70d"},
    {url = "https://files.pythonhosted.org/packages/da/cc/e2dbe53b7844ba2622c922e33d0b8d22feffcfdf22de2f0eef05f0d709a8/Cython-3.0.0b3-cp38-cp38-win_amd64.whl", hash = "sha256:f28f492284a43bfd8e790697ce0c91e30b3ee335357474df7a5844e286a64130"},
    {url = "https://files.pythonhosted.org/packages/dc/b4/0de65b8858d207aea650edab46b88b2b3fc6aab179043024bc5a8f5e9f88/Cython-3.0.0b3-cp36-cp36m-manylinux_2_17_x86_64.manylinux2014_x86_64.whl", hash = "sha256:18c8d5143100b8f6c9e7a46dcafecf8351a0734b49c583922cf9967cdd69caae"},
    {url = "https://files.pythonhosted.org/packages/f0/c4/8b8551150dcc14bca3326b3ff7c0aedf392dbc60d86445fdbc4c0e75f451/Cython-3.0.0b3-cp39-cp39-manylinux_2_17_aarch64.manylinux2014_aarch64.whl", hash = "sha256:47818f78bcd7a691acda47ed150b75cb80236f06337cc91086e85308896359be"},
    {url = "https://files.pythonhosted.org/packages/fd/23/caaec2bb617b80053fe5a63ea9259a86f8980421e27ca5147c5010634712/Cython-3.0.0b3-cp311-cp311-manylinux_2_17_x86_64.manylinux2014_x86_64.whl", hash = "sha256:ae06a8577a6b170aa42bd3a43c72c62f85f93f1b341ff563d45555e966f0036b"},
    {url = "https://files.pythonhosted.org/packages/fe/6e/3dfd3b670e8469246a481367e737091db54baa802585e584a034516ff0a2/Cython-3.0.0b3-cp39-cp39-macosx_10_9_x86_64.whl", hash = "sha256:a5e65653999912bcda7febf1b1c66ee1536e487e76b43c728cb8bd894a31e1d7"},
]
"mypy 1.3.0" = [
    {url = "https://files.pythonhosted.org/packages/09/7b/8eb0d648352c61b08cb364d278b5c12c3f1c5841724fdd2929d7172b7eaf/mypy-1.3.0-cp39-cp39-musllinux_1_1_x86_64.whl", hash = "sha256:f9dca1e257d4cc129517779226753dbefb4f2266c4eaad610fc15c6a7e14283e"},
    {url = "https://files.pythonhosted.org/packages/11/41/d24f93eefc89c650782bf1f9acfdb02a32f327b841058a5b0ce5857b60af/mypy-1.3.0-cp310-cp310-macosx_11_0_arm64.whl", hash = "sha256:4c99c3ecf223cf2952638da9cd82793d8f3c0c5fa8b6ae2b2d9ed1e1ff51ba85"},
    {url = "https://files.pythonhosted.org/packages/25/c7/4735f81858a727e170279144600881fe3299aa7589ed585af6b788ea4556/mypy-1.3.0-cp311-cp311-macosx_10_9_x86_64.whl", hash = "sha256:6e33bb8b2613614a33dff70565f4c803f889ebd2f859466e42b46e1df76018dd"},
    {url = "https://files.pythonhosted.org/packages/2b/27/4a26f91301804969194ee0dc9393843f10566d7fdf192ce11fc0218a989d/mypy-1.3.0-cp310-cp310-macosx_10_9_x86_64.whl", hash = "sha256:c1eb485cea53f4f5284e5baf92902cd0088b24984f4209e25981cc359d64448d"},
    {url = "https://files.pythonhosted.org/packages/3c/5d/b87339c1fdfec7d13899cd7ad2ee992801695114c1cf9e1645da264cd437/mypy-1.3.0-cp38-cp38-musllinux_1_1_x86_64.whl", hash = "sha256:74bc9b6e0e79808bf8678d7678b2ae3736ea72d56eede3820bd3849823e7f305"},
    {url = "https://files.pythonhosted.org/packages/47/f6/25c154bb1c479f2047093f0580c2c35ffc1ff007d52b7e50020cca60c010/mypy-1.3.0-cp37-cp37m-macosx_10_9_x86_64.whl", hash = "sha256:76ec771e2342f1b558c36d49900dfe81d140361dd0d2df6cd71b3db1be155409"},
    {url = "https://files.pythonhosted.org/packages/4c/10/530d2df4d57f46f77b8211cf9bbe090baacff02e7076f21f1bf08148d541/mypy-1.3.0-cp39-cp39-macosx_10_9_x86_64.whl", hash = "sha256:ddae0f39ca146972ff6bb4399f3b2943884a774b8771ea0a8f50e971f5ea5ba8"},
    {url = "https://files.pythonhosted.org/packages/55/e1/90487a3ea5a88b8f5c9d7fbf6f5fa7fcc8633d0132ce8364810a1da901c9/mypy-1.3.0-cp310-cp310-musllinux_1_1_x86_64.whl", hash = "sha256:cbc07246253b9e3d7d74c9ff948cd0fd7a71afcc2b77c7f0a59c26e9395cb152"},
    {url = "https://files.pythonhosted.org/packages/5b/fb/0b1c90c635319b98dd65c6d6d6347413e42397e94057993011eeedeffbd9/mypy-1.3.0-cp37-cp37m-win_amd64.whl", hash = "sha256:8c5979d0deb27e0f4479bee18ea0f83732a893e81b78e62e2dda3e7e518c92ee"},
    {url = "https://files.pythonhosted.org/packages/6a/d0/4681d84878cecfd911752016ab30566366f6de7296fdc977b746eb68bf45/mypy-1.3.0-cp311-cp311-macosx_11_0_arm64.whl", hash = "sha256:7d23370d2a6b7a71dc65d1266f9a34e4cde9e8e21511322415db4b26f46f6b8c"},
    {url = "https://files.pythonhosted.org/packages/6a/d9/48de5203f4b6287a98fadcc47072b1bc69e3faaa39cba59a3a600b05a42c/mypy-1.3.0-cp311-cp311-musllinux_1_1_x86_64.whl", hash = "sha256:6e42d29e324cdda61daaec2336c42512e59c7c375340bd202efa1fe0f7b8f8ca"},
    {url = "https://files.pythonhosted.org/packages/7e/75/021af7f0683ea19b9ad6a436e1b5c7cb39899c0f7b31040fa69b2395421e/mypy-1.3.0-cp310-cp310-win_amd64.whl", hash = "sha256:a22435632710a4fcf8acf86cbd0d69f68ac389a3892cb23fbad176d1cddaf228"},
    {url = "https://files.pythonhosted.org/packages/86/56/08c5ff6b2139f301d9aa56cb8e7b2a24d4faa6fc3e94234dfe7eeecc9c44/mypy-1.3.0-cp37-cp37m-musllinux_1_1_x86_64.whl", hash = "sha256:faff86aa10c1aa4a10e1a301de160f3d8fc8703b88c7e98de46b531ff1276a9a"},
    {url = "https://files.pythonhosted.org/packages/88/0e/646696eb8fe7658b752009a495054a0214ae8e659e9cbcde8181f16ae999/mypy-1.3.0-cp311-cp311-manylinux_2_17_x86_64.manylinux2014_x86_64.whl", hash = "sha256:658fe7b674769a0770d4b26cb4d6f005e88a442fe82446f020be8e5f5efb2fae"},
    {url = "https://files.pythonhosted.org/packages/8d/c8/681f4a19c62aa71bdc9ad3a4bc9a0fb8846bd0b5a8bc1b29d261c8025f80/mypy-1.3.0-cp310-cp310-manylinux_2_17_x86_64.manylinux2014_x86_64.whl", hash = "sha256:550a8b3a19bb6589679a7c3c31f64312e7ff482a816c96e0cecec9ad3a7564dd"},
    {url = "https://files.pythonhosted.org/packages/90/b6/a2d2ba604982af6034e3fcad17a464a66127be47f07b4587beec76e8f80b/mypy-1.3.0-cp38-cp38-win_amd64.whl", hash = "sha256:44797d031a41516fcf5cbfa652265bb994e53e51994c1bd649ffcd0c3a7eccbf"},
    {url = "https://files.pythonhosted.org/packages/b1/ce/8d87f684bb7e2a520cfa9cd17b8dc686a83143bb12a3e1ac4ad6d8d4825c/mypy-1.3.0-cp38-cp38-macosx_10_9_x86_64.whl", hash = "sha256:c5d2cc54175bab47011b09688b418db71403aefad07cbcd62d44010543fc143f"},
    {url = "https://files.pythonhosted.org/packages/b1/e1/399e3dfeb2842e4a2634866e4ef8b69151d465b7a5ceb648d7f1296f17d0/mypy-1.3.0-cp39-cp39-win_amd64.whl", hash = "sha256:95d8d31a7713510685b05fbb18d6ac287a56c8f6554d88c19e73f724a445448a"},
    {url = "https://files.pythonhosted.org/packages/b8/36/6628916f94bb0816e1719117e1962750413ab408f83673ce7d571caf3960/mypy-1.3.0-cp39-cp39-macosx_11_0_arm64.whl", hash = "sha256:1c4c42c60a8103ead4c1c060ac3cdd3ff01e18fddce6f1016e08939647a0e703"},
    {url = "https://files.pythonhosted.org/packages/ba/ac/1c280246fc0c5239409f31e1a321f178ba11a9c6e5eaaf6d56f9ff627cdf/mypy-1.3.0-cp39-cp39-manylinux_2_17_x86_64.manylinux2014_x86_64.whl", hash = "sha256:e86c2c6852f62f8f2b24cb7a613ebe8e0c7dc1402c61d36a609174f63e0ff017"},
    {url = "https://files.pythonhosted.org/packages/c9/c5/f3e4ed59e08e3a728a15da198317edfcd13b7dc2215d52b5d85fce716285/mypy-1.3.0-cp38-cp38-macosx_11_0_arm64.whl", hash = "sha256:87df44954c31d86df96c8bd6e80dfcd773473e877ac6176a8e29898bfb3501cb"},
    {url = "https://files.pythonhosted.org/packages/cd/b9/6abe1cd8ac8e70f12f43eebe6427814f9d36142d331eae5cc5bba77585a2/mypy-1.3.0-cp311-cp311-win_amd64.whl", hash = "sha256:d0b6c62206e04061e27009481cb0ec966f7d6172b5b936f3ead3d74f29fe3dcf"},
    {url = "https://files.pythonhosted.org/packages/d8/c6/de2e214a42b63d7ea0abef9f02a6da69cad6d532165bb7a8cc8291099a0c/mypy-1.3.0-cp38-cp38-manylinux_2_17_x86_64.manylinux2014_x86_64.whl", hash = "sha256:473117e310febe632ddf10e745a355714e771ffe534f06db40702775056614c4"},
    {url = "https://files.pythonhosted.org/packages/d9/79/82d452b409d7610944ba3a1a6079987d3ed6062cb8fe5c8850f26dafb6e0/mypy-1.3.0-cp37-cp37m-manylinux_2_17_x86_64.manylinux2014_x86_64.whl", hash = "sha256:ebc95f8386314272bbc817026f8ce8f4f0d2ef7ae44f947c4664efac9adec929"},
    {url = "https://files.pythonhosted.org/packages/e3/f7/1fed3b24abb75f244fa6bc60ea03cd9d3d8ad225a4cfda7533042fe6d831/mypy-1.3.0-py3-none-any.whl", hash = "sha256:a8763e72d5d9574d45ce5881962bc8e9046bf7b375b0abf031f3e6811732a897"},
    {url = "https://files.pythonhosted.org/packages/f9/88/3bfe07521fb9e74b449cbc4367434067ec70bfd8a24c652fa3e0f9597389/mypy-1.3.0.tar.gz", hash = "sha256:e1f4d16e296f5135624b34e8fb741eb0eadedca90862405b1f1fde2040b9bd11"},
]
"mypy-extensions 1.0.0" = [
    {url = "https://files.pythonhosted.org/packages/2a/e2/5d3f6ada4297caebe1a2add3b126fe800c96f56dbe5d1988a2cbe0b267aa/mypy_extensions-1.0.0-py3-none-any.whl", hash = "sha256:4392f6c0eb8a5668a69e23d168ffa70f0be9ccfd32b5cc2d26a34ae5b844552d"},
    {url = "https://files.pythonhosted.org/packages/98/a4/1ab47638b92648243faf97a5aeb6ea83059cc3624972ab6b8d2316078d3f/mypy_extensions-1.0.0.tar.gz", hash = "sha256:75dbf8955dc00442a438fc4d0666508a9a97b6bd41aa2f0ffe9d2f2725af0782"},
]
"setuptools 67.8.0" = [
    {url = "https://files.pythonhosted.org/packages/03/20/630783571e76e5fa5f3e9f29398ca3ace377207b8196b54e0ffdf09f12c1/setuptools-67.8.0.tar.gz", hash = "sha256:62642358adc77ffa87233bc4d2354c4b2682d214048f500964dbe760ccedf102"},
    {url = "https://files.pythonhosted.org/packages/f5/2c/074ab1c5be9c7d523d8d6d69d1f46f450fe7f11713147dc9e779aa4ca4ea/setuptools-67.8.0-py3-none-any.whl", hash = "sha256:5df61bf30bb10c6f756eb19e7c9f3b473051f48db77fddbe06ff2ca307df9a6f"},
]
"tomli 2.0.1" = [
    {url = "https://files.pythonhosted.org/packages/97/75/10a9ebee3fd790d20926a90a2547f0bf78f371b2f13aa822c759680ca7b9/tomli-2.0.1-py3-none-any.whl", hash = "sha256:939de3e7a6161af0c887ef91b7d41a53e7c5a1ca976325f429cb46ea9bc30ecc"},
    {url = "https://files.pythonhosted.org/packages/c0/3f/d7af728f075fb08564c5949a9c95e44352e23dee646869fa104a3b2060a3/tomli-2.0.1.tar.gz", hash = "sha256:de526c12914f0c550d15924c62d72abc48d6fe7364aa87328337a31007fe8a4f"},
]
"typing-extensions 4.6.1" = [
    {url = "https://files.pythonhosted.org/packages/82/ed/8ccf53a0ed10bf8fc8877b5833b40f5f99093cadfe6632b8892f74aead0f/typing_extensions-4.6.1-py3-none-any.whl", hash = "sha256:6bac751f4789b135c43228e72de18637e9a6c29d12777023a703fd1a6858469f"},
    {url = "https://files.pythonhosted.org/packages/aa/67/f4e6ae6998b0c86ab10f8e96339f00afaf30bef11f63a81c63977c2b89d7/typing_extensions-4.6.1.tar.gz", hash = "sha256:558bc0c4145f01e6405f4a5fdbd82050bd221b119f4bf72a961a1cfd471349d6"},
]
