# This file is @generated by PDM.
# It is not intended for manual editing.

[[package]]
name = "pip"
version = "23.1.2"
requires_python = ">=3.7"
summary = "The PyPA recommended tool for installing Python packages."

[metadata]
lock_version = "4.2"
groups = ["dev"]
content_hash = "sha256:d1ef8173e38176c3490131c098133d6390cfa889e325482da1d6157059b16791"

[metadata.files]
"pip 23.1.2" = [
    {url = "https://files.pythonhosted.org/packages/08/e3/57d4c24a050aa0bcca46b2920bff40847db79535dc78141eb83581a52eb8/pip-23.1.2-py3-none-any.whl", hash = "sha256:3ef6ac33239e4027d9a5598a381b9d30880a1477e50039db2eac6e8a8f6d1b18"},
    {url = "https://files.pythonhosted.org/packages/fa/ee/74ff76da0ab649eec7581233daeb43d8aa35383d8f75317b2ab3b80c922f/pip-23.1.2.tar.gz", hash = "sha256:0e7c86f486935893c708287b30bd050a36ac827ec7fe5e43fe7cb198dd835fba"},
]
